
Microsoft Visual Studio Solution File, Format Version 12.00
# Visual Studio Version 17
VisualStudioVersion = 17.9.34728.123
MinimumVisualStudioVersion = 10.0.40219.1
Project("{9A19103F-16F7-4668-BE54-9A1E7A4F7556}") = "Kookis", "Kookis.csproj", "{EDAF0A9A-B61A-4BAA-AC2C-E1D691B46138}"
EndProject
Global
	GlobalSection(SolutionConfigurationPlatforms) = preSolution
		Debug|Any CPU = Debug|Any CPU
		Release|Any CPU = Release|Any CPU
	EndGlobalSection
	GlobalSection(ProjectConfigurationPlatforms) = postSolution
		{EDAF0A9A-B61A-4BAA-AC2C-E1D691B46138}.Debug|Any CPU.ActiveCfg = Debug|Any CPU
		{EDAF0A9A-B61A-4BAA-AC2C-E1D691B46138}.Debug|Any CPU.Build.0 = Debug|Any CPU
		{EDAF0A9A-B61A-4BAA-AC2C-E1D691B46138}.Release|Any CPU.ActiveCfg = Release|Any CPU
		{EDAF0A9A-B61A-4BAA-AC2C-E1D691B46138}.Release|Any CPU.Build.0 = Release|Any CPU
	EndGlobalSection
	GlobalSection(SolutionProperties) = preSolution
		HideSolutionNode = FALSE
	EndGlobalSection
	GlobalSection(ExtensibilityGlobals) = postSolution
		SolutionGuid = {B46392AB-6079-47D9-9017-0C8E04BEA135}
	EndGlobalSection
EndGlobal
